
Microsoft Visual Studio Solution File, Format Version 12.00
# Visual Studio Version 17
VisualStudioVersion = 17.3.32901.215
MinimumVisualStudioVersion = 10.0.40219.1
Project("{9A19103F-16F7-4668-BE54-9A1E7A4F7556}") = "IdentityAPI", "TatweerAPI\IdentityAPI.csproj", "{D8AD23E4-8487-4BDC-8670-B97BB88DB557}"
EndProject
Project("{9A19103F-16F7-4668-BE54-9A1E7A4F7556}") = "CollactionData", "CollactionData\CollactionData.csproj", "{62B3B9F1-E786-4791-ABE1-6582BF13CAE0}"
EndProject
Project("{9A19103F-16F7-4668-BE54-9A1E7A4F7556}") = "Infra", "Infra\Infra.csproj", "{D6286273-4881-4E48-893B-6718B903324A}"
EndProject
Project("{9A19103F-16F7-4668-BE54-9A1E7A4F7556}") = "Repository", "Repository\Repository.csproj", "{B277EDE2-58EE-4441-B7D1-21F68225F82C}"
EndProject
Project("{9A19103F-16F7-4668-BE54-9A1E7A4F7556}") = "IdentityServices", "Services\IdentityServices.csproj", "{3994D112-5191-4E3C-8C71-D7C2462D2ED4}"
EndProject
Project("{9A19103F-16F7-4668-BE54-9A1E7A4F7556}") = "UnitOfWork", "UnitOfWork\UnitOfWork.csproj", "{05364F7D-545F-4C20-8EDA-7F63DC1C49F1}"
EndProject
Project("{9A19103F-16F7-4668-BE54-9A1E7A4F7556}") = "Domain", "Domain\Domain.csproj", "{09559284-F59E-4AA3-A1F8-6F26B1251E07}"
EndProject
Project("{2150E333-8FDC-42A3-9474-1A3956D46DE8}") = "IdentityAPI", "IdentityAPI", "{50D3F7E6-0C4F-4C07-AAE5-5A587E12CFCA}"
EndProject
Project("{2150E333-8FDC-42A3-9474-1A3956D46DE8}") = "TatweerSendAPI", "TatweerSendAPI", "{E82AFA34-9A8C-4E13-BF87-D9F643877BC9}"
EndProject
Project("{9A19103F-16F7-4668-BE54-9A1E7A4F7556}") = "TatweerSendAPI", "TatweerSendAPI\TatweerSendAPI.csproj", "{5EC038A6-067D-4FED-B0BE-489E5A1E1A5C}"
EndProject
Project("{9A19103F-16F7-4668-BE54-9A1E7A4F7556}") = "TatweerSendDomain", "TatweerSendDomain\TatweerSendDomain.csproj", "{44028170-D955-4F98-959F-55325C3DE62C}"
EndProject
Project("{9A19103F-16F7-4668-BE54-9A1E7A4F7556}") = "TatweerSendServices", "TatweerSendServices\TatweerSendServices.csproj", "{0F6596BE-F9C9-43C1-B097-217DA18A942F}"
EndProject
Project("{9A19103F-16F7-4668-BE54-9A1E7A4F7556}") = "SharedTatweerSendData", "SharedTatweerSendData\SharedTatweerSendData.csproj", "{0CF52A36-9E54-44C8-B173-F8061157B1EA}"
EndProject
Project("{2150E333-8FDC-42A3-9474-1A3956D46DE8}") = "GenerateAPI", "GenerateAPI", "{A3B7254B-F4E8-4440-91E3-EDDD76B08E02}"
EndProject
Project("{9A19103F-16F7-4668-BE54-9A1E7A4F7556}") = "GenerateIdentityAPI", "GenerateIdentityAPI\GenerateIdentityAPI.csproj", "{E3370DC6-D031-4DFF-A13E-4C489B155F97}"
EndProject
Project("{9A19103F-16F7-4668-BE54-9A1E7A4F7556}") = "GenerateIdentityServices", "GenerateIdentityServices\GenerateIdentityServices.csproj", "{4761A007-62AF-40D7-B5D0-352467478CDB}"
EndProject
Project("{9A19103F-16F7-4668-BE54-9A1E7A4F7556}") = "SendEventBus", "SendEventBus\SendEventBus.csproj", "{2307831A-5394-4548-803B-6336D05EB96F}"
EndProject
Project("{9A19103F-16F7-4668-BE54-9A1E7A4F7556}") = "ApiGateway", "ApiGateway\ApiGateway.csproj", "{2705D8C9-09D8-4D82-86F3-E1983A0C11F5}"
EndProject
Project("{2150E333-8FDC-42A3-9474-1A3956D46DE8}") = "ReciveOrderRequestAPI", "ReciveOrderRequestAPI", "{3033DDA3-1686-4BB7-8C91-AC032CDB539B}"
EndProject
Project("{9A19103F-16F7-4668-BE54-9A1E7A4F7556}") = "ReciveAPI", "ReciveAPI\ReciveAPI.csproj", "{2B77E4F3-8CD8-4AE6-8B4C-E11039D6AF6F}"
EndProject
Project("{9A19103F-16F7-4668-BE54-9A1E7A4F7556}") = "TrackingServices", "TrackingServices\TrackingServices.csproj", "{76F29EB6-0B11-4233-96BF-F8E74ACF1AC2}"
EndProject
Project("{2150E333-8FDC-42A3-9474-1A3956D46DE8}") = "TrackingOrderRequestAPI", "TrackingOrderRequestAPI", "{A20D3685-E213-497D-B465-3E3CC9DF5B6F}"
EndProject
Project("{9A19103F-16F7-4668-BE54-9A1E7A4F7556}") = "TrackingAPI", "TrackingAPI\TrackingAPI.csproj", "{A4AED55E-B8EB-4E18-B53B-8F87101C3AC0}"
EndProject
Project("{2150E333-8FDC-42A3-9474-1A3956D46DE8}") = "LoggingWebAPI", "LoggingWebAPI", "{3EF40B9D-4D94-45E4-9138-2F540364F75E}"
EndProject
Project("{FAE04EC0-301F-11D3-BF4B-00C04F79EFBC}") = "LogginWebAPI", "LogginWebAPI\LogginWebAPI.csproj", "{D589CB53-29C8-411D-980C-2714AAF952FC}"
EndProject
Project("{FAE04EC0-301F-11D3-BF4B-00C04F79EFBC}") = "LogginDomain", "LogginDomain\LogginDomain.csproj", "{248095B9-5721-4039-BD19-3FE928867848}"
EndProject
Project("{FAE04EC0-301F-11D3-BF4B-00C04F79EFBC}") = "LogginServices", "LogginServices\LogginServices.csproj", "{AF978402-33FA-4524-8831-3D5E158E2B4B}"
EndProject
Global
	GlobalSection(SolutionConfigurationPlatforms) = preSolution
		Debug|Any CPU = Debug|Any CPU
		Release|Any CPU = Release|Any CPU
	EndGlobalSection
	GlobalSection(ProjectConfigurationPlatforms) = postSolution
		{D8AD23E4-8487-4BDC-8670-B97BB88DB557}.Debug|Any CPU.ActiveCfg = Debug|Any CPU
		{D8AD23E4-8487-4BDC-8670-B97BB88DB557}.Debug|Any CPU.Build.0 = Debug|Any CPU
		{D8AD23E4-8487-4BDC-8670-B97BB88DB557}.Release|Any CPU.ActiveCfg = Release|Any CPU
		{D8AD23E4-8487-4BDC-8670-B97BB88DB557}.Release|Any CPU.Build.0 = Release|Any CPU
		{62B3B9F1-E786-4791-ABE1-6582BF13CAE0}.Debug|Any CPU.ActiveCfg = Debug|Any CPU
		{62B3B9F1-E786-4791-ABE1-6582BF13CAE0}.Debug|Any CPU.Build.0 = Debug|Any CPU
		{62B3B9F1-E786-4791-ABE1-6582BF13CAE0}.Release|Any CPU.ActiveCfg = Release|Any CPU
		{62B3B9F1-E786-4791-ABE1-6582BF13CAE0}.Release|Any CPU.Build.0 = Release|Any CPU
		{D6286273-4881-4E48-893B-6718B903324A}.Debug|Any CPU.ActiveCfg = Debug|Any CPU
		{D6286273-4881-4E48-893B-6718B903324A}.Debug|Any CPU.Build.0 = Debug|Any CPU
		{D6286273-4881-4E48-893B-6718B903324A}.Release|Any CPU.ActiveCfg = Release|Any CPU
		{D6286273-4881-4E48-893B-6718B903324A}.Release|Any CPU.Build.0 = Release|Any CPU
		{B277EDE2-58EE-4441-B7D1-21F68225F82C}.Debug|Any CPU.ActiveCfg = Debug|Any CPU
		{B277EDE2-58EE-4441-B7D1-21F68225F82C}.Debug|Any CPU.Build.0 = Debug|Any CPU
		{B277EDE2-58EE-4441-B7D1-21F68225F82C}.Release|Any CPU.ActiveCfg = Release|Any CPU
		{B277EDE2-58EE-4441-B7D1-21F68225F82C}.Release|Any CPU.Build.0 = Release|Any CPU
		{3994D112-5191-4E3C-8C71-D7C2462D2ED4}.Debug|Any CPU.ActiveCfg = Debug|Any CPU
		{3994D112-5191-4E3C-8C71-D7C2462D2ED4}.Debug|Any CPU.Build.0 = Debug|Any CPU
		{3994D112-5191-4E3C-8C71-D7C2462D2ED4}.Release|Any CPU.ActiveCfg = Release|Any CPU
		{3994D112-5191-4E3C-8C71-D7C2462D2ED4}.Release|Any CPU.Build.0 = Release|Any CPU
		{05364F7D-545F-4C20-8EDA-7F63DC1C49F1}.Debug|Any CPU.ActiveCfg = Debug|Any CPU
		{05364F7D-545F-4C20-8EDA-7F63DC1C49F1}.Debug|Any CPU.Build.0 = Debug|Any CPU
		{05364F7D-545F-4C20-8EDA-7F63DC1C49F1}.Release|Any CPU.ActiveCfg = Release|Any CPU
		{05364F7D-545F-4C20-8EDA-7F63DC1C49F1}.Release|Any CPU.Build.0 = Release|Any CPU
		{09559284-F59E-4AA3-A1F8-6F26B1251E07}.Debug|Any CPU.ActiveCfg = Debug|Any CPU
		{09559284-F59E-4AA3-A1F8-6F26B1251E07}.Debug|Any CPU.Build.0 = Debug|Any CPU
		{09559284-F59E-4AA3-A1F8-6F26B1251E07}.Release|Any CPU.ActiveCfg = Release|Any CPU
		{09559284-F59E-4AA3-A1F8-6F26B1251E07}.Release|Any CPU.Build.0 = Release|Any CPU
		{5EC038A6-067D-4FED-B0BE-489E5A1E1A5C}.Debug|Any CPU.ActiveCfg = Debug|Any CPU
		{5EC038A6-067D-4FED-B0BE-489E5A1E1A5C}.Debug|Any CPU.Build.0 = Debug|Any CPU
		{5EC038A6-067D-4FED-B0BE-489E5A1E1A5C}.Release|Any CPU.ActiveCfg = Release|Any CPU
		{5EC038A6-067D-4FED-B0BE-489E5A1E1A5C}.Release|Any CPU.Build.0 = Release|Any CPU
		{44028170-D955-4F98-959F-55325C3DE62C}.Debug|Any CPU.ActiveCfg = Debug|Any CPU
		{44028170-D955-4F98-959F-55325C3DE62C}.Debug|Any CPU.Build.0 = Debug|Any CPU
		{44028170-D955-4F98-959F-55325C3DE62C}.Release|Any CPU.ActiveCfg = Release|Any CPU
		{44028170-D955-4F98-959F-55325C3DE62C}.Release|Any CPU.Build.0 = Release|Any CPU
		{0F6596BE-F9C9-43C1-B097-217DA18A942F}.Debug|Any CPU.ActiveCfg = Debug|Any CPU
		{0F6596BE-F9C9-43C1-B097-217DA18A942F}.Debug|Any CPU.Build.0 = Debug|Any CPU
		{0F6596BE-F9C9-43C1-B097-217DA18A942F}.Release|Any CPU.ActiveCfg = Release|Any CPU
		{0F6596BE-F9C9-43C1-B097-217DA18A942F}.Release|Any CPU.Build.0 = Release|Any CPU
		{0CF52A36-9E54-44C8-B173-F8061157B1EA}.Debug|Any CPU.ActiveCfg = Debug|Any CPU
		{0CF52A36-9E54-44C8-B173-F8061157B1EA}.Debug|Any CPU.Build.0 = Debug|Any CPU
		{0CF52A36-9E54-44C8-B173-F8061157B1EA}.Release|Any CPU.ActiveCfg = Release|Any CPU
		{0CF52A36-9E54-44C8-B173-F8061157B1EA}.Release|Any CPU.Build.0 = Release|Any CPU
		{E3370DC6-D031-4DFF-A13E-4C489B155F97}.Debug|Any CPU.ActiveCfg = Debug|Any CPU
		{E3370DC6-D031-4DFF-A13E-4C489B155F97}.Debug|Any CPU.Build.0 = Debug|Any CPU
		{E3370DC6-D031-4DFF-A13E-4C489B155F97}.Release|Any CPU.ActiveCfg = Release|Any CPU
		{E3370DC6-D031-4DFF-A13E-4C489B155F97}.Release|Any CPU.Build.0 = Release|Any CPU
		{4761A007-62AF-40D7-B5D0-352467478CDB}.Debug|Any CPU.ActiveCfg = Debug|Any CPU
		{4761A007-62AF-40D7-B5D0-352467478CDB}.Debug|Any CPU.Build.0 = Debug|Any CPU
		{4761A007-62AF-40D7-B5D0-352467478CDB}.Release|Any CPU.ActiveCfg = Release|Any CPU
		{4761A007-62AF-40D7-B5D0-352467478CDB}.Release|Any CPU.Build.0 = Release|Any CPU
		{2307831A-5394-4548-803B-6336D05EB96F}.Debug|Any CPU.ActiveCfg = Debug|Any CPU
		{2307831A-5394-4548-803B-6336D05EB96F}.Debug|Any CPU.Build.0 = Debug|Any CPU
		{2307831A-5394-4548-803B-6336D05EB96F}.Release|Any CPU.ActiveCfg = Release|Any CPU
		{2307831A-5394-4548-803B-6336D05EB96F}.Release|Any CPU.Build.0 = Release|Any CPU
		{2705D8C9-09D8-4D82-86F3-E1983A0C11F5}.Debug|Any CPU.ActiveCfg = Debug|Any CPU
		{2705D8C9-09D8-4D82-86F3-E1983A0C11F5}.Debug|Any CPU.Build.0 = Debug|Any CPU
		{2705D8C9-09D8-4D82-86F3-E1983A0C11F5}.Release|Any CPU.ActiveCfg = Release|Any CPU
		{2705D8C9-09D8-4D82-86F3-E1983A0C11F5}.Release|Any CPU.Build.0 = Release|Any CPU
		{2B77E4F3-8CD8-4AE6-8B4C-E11039D6AF6F}.Debug|Any CPU.ActiveCfg = Debug|Any CPU
		{2B77E4F3-8CD8-4AE6-8B4C-E11039D6AF6F}.Debug|Any CPU.Build.0 = Debug|Any CPU
		{2B77E4F3-8CD8-4AE6-8B4C-E11039D6AF6F}.Release|Any CPU.ActiveCfg = Release|Any CPU
		{2B77E4F3-8CD8-4AE6-8B4C-E11039D6AF6F}.Release|Any CPU.Build.0 = Release|Any CPU
		{76F29EB6-0B11-4233-96BF-F8E74ACF1AC2}.Debug|Any CPU.ActiveCfg = Debug|Any CPU
		{76F29EB6-0B11-4233-96BF-F8E74ACF1AC2}.Debug|Any CPU.Build.0 = Debug|Any CPU
		{76F29EB6-0B11-4233-96BF-F8E74ACF1AC2}.Release|Any CPU.ActiveCfg = Release|Any CPU
		{76F29EB6-0B11-4233-96BF-F8E74ACF1AC2}.Release|Any CPU.Build.0 = Release|Any CPU
		{A4AED55E-B8EB-4E18-B53B-8F87101C3AC0}.Debug|Any CPU.ActiveCfg = Debug|Any CPU
		{A4AED55E-B8EB-4E18-B53B-8F87101C3AC0}.Debug|Any CPU.Build.0 = Debug|Any CPU
		{A4AED55E-B8EB-4E18-B53B-8F87101C3AC0}.Release|Any CPU.ActiveCfg = Release|Any CPU
		{A4AED55E-B8EB-4E18-B53B-8F87101C3AC0}.Release|Any CPU.Build.0 = Release|Any CPU
		{D589CB53-29C8-411D-980C-2714AAF952FC}.Debug|Any CPU.ActiveCfg = Debug|Any CPU
		{D589CB53-29C8-411D-980C-2714AAF952FC}.Debug|Any CPU.Build.0 = Debug|Any CPU
		{D589CB53-29C8-411D-980C-2714AAF952FC}.Release|Any CPU.ActiveCfg = Release|Any CPU
		{D589CB53-29C8-411D-980C-2714AAF952FC}.Release|Any CPU.Build.0 = Release|Any CPU
		{248095B9-5721-4039-BD19-3FE928867848}.Debug|Any CPU.ActiveCfg = Debug|Any CPU
		{248095B9-5721-4039-BD19-3FE928867848}.Debug|Any CPU.Build.0 = Debug|Any CPU
		{248095B9-5721-4039-BD19-3FE928867848}.Release|Any CPU.ActiveCfg = Release|Any CPU
		{248095B9-5721-4039-BD19-3FE928867848}.Release|Any CPU.Build.0 = Release|Any CPU
		{AF978402-33FA-4524-8831-3D5E158E2B4B}.Debug|Any CPU.ActiveCfg = Debug|Any CPU
		{AF978402-33FA-4524-8831-3D5E158E2B4B}.Debug|Any CPU.Build.0 = Debug|Any CPU
		{AF978402-33FA-4524-8831-3D5E158E2B4B}.Release|Any CPU.ActiveCfg = Release|Any CPU
		{AF978402-33FA-4524-8831-3D5E158E2B4B}.Release|Any CPU.Build.0 = Release|Any CPU
	EndGlobalSection
	GlobalSection(SolutionProperties) = preSolution
		HideSolutionNode = FALSE
	EndGlobalSection
	GlobalSection(NestedProjects) = preSolution
		{D8AD23E4-8487-4BDC-8670-B97BB88DB557} = {50D3F7E6-0C4F-4C07-AAE5-5A587E12CFCA}
		{62B3B9F1-E786-4791-ABE1-6582BF13CAE0} = {50D3F7E6-0C4F-4C07-AAE5-5A587E12CFCA}
		{3994D112-5191-4E3C-8C71-D7C2462D2ED4} = {50D3F7E6-0C4F-4C07-AAE5-5A587E12CFCA}
		{09559284-F59E-4AA3-A1F8-6F26B1251E07} = {50D3F7E6-0C4F-4C07-AAE5-5A587E12CFCA}
		{5EC038A6-067D-4FED-B0BE-489E5A1E1A5C} = {E82AFA34-9A8C-4E13-BF87-D9F643877BC9}
		{44028170-D955-4F98-959F-55325C3DE62C} = {E82AFA34-9A8C-4E13-BF87-D9F643877BC9}
		{0F6596BE-F9C9-43C1-B097-217DA18A942F} = {E82AFA34-9A8C-4E13-BF87-D9F643877BC9}
		{E3370DC6-D031-4DFF-A13E-4C489B155F97} = {A3B7254B-F4E8-4440-91E3-EDDD76B08E02}
		{4761A007-62AF-40D7-B5D0-352467478CDB} = {A3B7254B-F4E8-4440-91E3-EDDD76B08E02}
		{2B77E4F3-8CD8-4AE6-8B4C-E11039D6AF6F} = {3033DDA3-1686-4BB7-8C91-AC032CDB539B}
		{76F29EB6-0B11-4233-96BF-F8E74ACF1AC2} = {A20D3685-E213-497D-B465-3E3CC9DF5B6F}
		{A4AED55E-B8EB-4E18-B53B-8F87101C3AC0} = {A20D3685-E213-497D-B465-3E3CC9DF5B6F}
		{D589CB53-29C8-411D-980C-2714AAF952FC} = {3EF40B9D-4D94-45E4-9138-2F540364F75E}
		{248095B9-5721-4039-BD19-3FE928867848} = {3EF40B9D-4D94-45E4-9138-2F540364F75E}
		{AF978402-33FA-4524-8831-3D5E158E2B4B} = {3EF40B9D-4D94-45E4-9138-2F540364F75E}
	EndGlobalSection
	GlobalSection(ExtensibilityGlobals) = postSolution
		SolutionGuid = {0DECA86D-E3FB-49D9-BDEA-750ECF0F054E}
	EndGlobalSection
EndGlobal
